
Microsoft Visual Studio Solution File, Format Version 12.00
# Visual Studio Version 17
VisualStudioVersion = 17.0.31903.59
MinimumVisualStudioVersion = 10.0.40219.1
Project("{FAE04EC0-301F-11D3-BF4B-00C04F79EFBC}") = "Regexutor.App", "Regexutor.App\Regexutor.App.csproj", "{A5569D53-FA35-4EBF-9E3A-9FD11FE54DDB}"
EndProject
Project("{FAE04EC0-301F-11D3-BF4B-00C04F79EFBC}") = "Regexutor.Core", "Regexutor.Core\Regexutor.Core.csproj", "{D38D4724-0B08-4537-ACFE-6CE6E70795ED}"
EndProject
Global
	GlobalSection(SolutionConfigurationPlatforms) = preSolution
		Debug|Any CPU = Debug|Any CPU
		Debug|x64 = Debug|x64
		Debug|x86 = Debug|x86
		Release|Any CPU = Release|Any CPU
		Release|x64 = Release|x64
		Release|x86 = Release|x86
	EndGlobalSection
	GlobalSection(ProjectConfigurationPlatforms) = postSolution
		{A5569D53-FA35-4EBF-9E3A-9FD11FE54DDB}.Debug|Any CPU.ActiveCfg = Debug|Any CPU
		{A5569D53-FA35-4EBF-9E3A-9FD11FE54DDB}.Debug|Any CPU.Build.0 = Debug|Any CPU
		{A5569D53-FA35-4EBF-9E3A-9FD11FE54DDB}.Debug|x64.ActiveCfg = Debug|Any CPU
		{A5569D53-FA35-4EBF-9E3A-9FD11FE54DDB}.Debug|x64.Build.0 = Debug|Any CPU
		{A5569D53-FA35-4EBF-9E3A-9FD11FE54DDB}.Debug|x86.ActiveCfg = Debug|Any CPU
		{A5569D53-FA35-4EBF-9E3A-9FD11FE54DDB}.Debug|x86.Build.0 = Debug|Any CPU
		{A5569D53-FA35-4EBF-9E3A-9FD11FE54DDB}.Release|Any CPU.ActiveCfg = Release|Any CPU
		{A5569D53-FA35-4EBF-9E3A-9FD11FE54DDB}.Release|Any CPU.Build.0 = Release|Any CPU
		{A5569D53-FA35-4EBF-9E3A-9FD11FE54DDB}.Release|x64.ActiveCfg = Release|Any CPU
		{A5569D53-FA35-4EBF-9E3A-9FD11FE54DDB}.Release|x64.Build.0 = Release|Any CPU
		{A5569D53-FA35-4EBF-9E3A-9FD11FE54DDB}.Release|x86.ActiveCfg = Release|Any CPU
		{A5569D53-FA35-4EBF-9E3A-9FD11FE54DDB}.Release|x86.Build.0 = Release|Any CPU
		{D38D4724-0B08-4537-ACFE-6CE6E70795ED}.Debug|Any CPU.ActiveCfg = Debug|Any CPU
		{D38D4724-0B08-4537-ACFE-6CE6E70795ED}.Debug|Any CPU.Build.0 = Debug|Any CPU
		{D38D4724-0B08-4537-ACFE-6CE6E70795ED}.Debug|x64.ActiveCfg = Debug|Any CPU
		{D38D4724-0B08-4537-ACFE-6CE6E70795ED}.Debug|x64.Build.0 = Debug|Any CPU
		{D38D4724-0B08-4537-ACFE-6CE6E70795ED}.Debug|x86.ActiveCfg = Debug|Any CPU
		{D38D4724-0B08-4537-ACFE-6CE6E70795ED}.Debug|x86.Build.0 = Debug|Any CPU
		{D38D4724-0B08-4537-ACFE-6CE6E70795ED}.Release|Any CPU.ActiveCfg = Release|Any CPU
		{D38D4724-0B08-4537-ACFE-6CE6E70795ED}.Release|Any CPU.Build.0 = Release|Any CPU
		{D38D4724-0B08-4537-ACFE-6CE6E70795ED}.Release|x64.ActiveCfg = Release|Any CPU
		{D38D4724-0B08-4537-ACFE-6CE6E70795ED}.Release|x64.Build.0 = Release|Any CPU
		{D38D4724-0B08-4537-ACFE-6CE6E70795ED}.Release|x86.ActiveCfg = Release|Any CPU
		{D38D4724-0B08-4537-ACFE-6CE6E70795ED}.Release|x86.Build.0 = Release|Any CPU
	EndGlobalSection
	GlobalSection(SolutionProperties) = preSolution
		HideSolutionNode = FALSE
	EndGlobalSection
EndGlobal
